
Microsoft Visual Studio Solution File, Format Version 12.00
# Visual Studio 15
VisualStudioVersion = 15.0.27428.2002
MinimumVisualStudioVersion = 10.0.40219.1
Project("{8BC9CEB8-8B4A-11D0-8D11-00A0C91BC942}") = "ConsoleApplication5", "ConsoleApplication5\ConsoleApplication5.vcxproj", "{37B21C52-8AB9-4701-A17D-C4361E425EB8}"
EndProject
Global
	GlobalSection(SolutionConfigurationPlatforms) = preSolution
		Debug|x64 = Debug|x64
		Debug|x86 = Debug|x86
		Release|x64 = Release|x64
		Release|x86 = Release|x86
	EndGlobalSection
	GlobalSection(ProjectConfigurationPlatforms) = postSolution
		{37B21C52-8AB9-4701-A17D-C4361E425EB8}.Debug|x64.ActiveCfg = Debug|x64
		{37B21C52-8AB9-4701-A17D-C4361E425EB8}.Debug|x64.Build.0 = Debug|x64
		{37B21C52-8AB9-4701-A17D-C4361E425EB8}.Debug|x86.ActiveCfg = Debug|Win32
		{37B21C52-8AB9-4701-A17D-C4361E425EB8}.Debug|x86.Build.0 = Debug|Win32
		{37B21C52-8AB9-4701-A17D-C4361E425EB8}.Release|x64.ActiveCfg = Release|x64
		{37B21C52-8AB9-4701-A17D-C4361E425EB8}.Release|x64.Build.0 = Release|x64
		{37B21C52-8AB9-4701-A17D-C4361E425EB8}.Release|x86.ActiveCfg = Release|Win32
		{37B21C52-8AB9-4701-A17D-C4361E425EB8}.Release|x86.Build.0 = Release|Win32
	EndGlobalSection
	GlobalSection(SolutionProperties) = preSolution
		HideSolutionNode = FALSE
	EndGlobalSection
	GlobalSection(ExtensibilityGlobals) = postSolution
		SolutionGuid = {EB9BD1D7-693D-49B0-BC98-9599F22DE642}
	EndGlobalSection
EndGlobal
